Microsoft Visual Studio Solution File, Format Version 11.00
# Visual Studio 2008

Project("{472D6E66-70A0-1D77-8C1C-DAF4308961AB}") = "Rollerball", "Assembly-CSharp.csproj", "{EE2189CF-56DF-662A-BD0A-3A5883DABFD0}"
EndProject
Global
	GlobalSection(SolutionConfigurationPlatforms) = preSolution
		Debug|Any CPU = Debug|Any CPU
		Release|Any CPU = Release|Any CPU
	EndGlobalSection
	GlobalSection(ProjectConfigurationPlatforms) = postSolution
		{EE2189CF-56DF-662A-BD0A-3A5883DABFD0}.Debug|Any CPU.ActiveCfg = Debug|Any CPU
		{EE2189CF-56DF-662A-BD0A-3A5883DABFD0}.Debug|Any CPU.Build.0 = Debug|Any CPU
		{EE2189CF-56DF-662A-BD0A-3A5883DABFD0}.Release|Any CPU.ActiveCfg = Release|Any CPU
		{EE2189CF-56DF-662A-BD0A-3A5883DABFD0}.Release|Any CPU.Build.0 = Release|Any CPU
	EndGlobalSection
	GlobalSection(SolutionProperties) = preSolution
		HideSolutionNode = FALSE
	EndGlobalSection
	GlobalSection(MonoDevelopProperties) = preSolution
		StartupItem = Assembly-CSharp.csproj
	EndGlobalSection
EndGlobal
